// !$*UTF8*$!
{
	archiveVersion = 1;
	classes = {
	};
	objectVersion = 77;
	objects = {

/* Begin PBXBuildFile section */
		FB9959BF2DC88169003E90D0 /* MSAL in Frameworks */ = {isa = PBXBuildFile; productRef = FB9959BE2DC88169003E90D0 /* MSAL */; };
/* End PBXBuildFile section */

/* Begin PBXContainerItemProxy section */
		FB9959552DC7A3DB003E90D0 /* PBXContainerItemProxy */ = {
			isa = PBXContainerItemProxy;
			containerPortal = FB99593E2DC7A3DA003E90D0 /* Project object */;
			proxyType = 1;
			remoteGlobalIDString = FB9959452DC7A3DA003E90D0;
			remoteInfo = iLaps;
		};
		FB99595F2DC7A3DB003E90D0 /* PBXContainerItemProxy */ = {
			isa = PBXContainerItemProxy;
			containerPortal = FB99593E2DC7A3DA003E90D0 /* Project object */;
			proxyType = 1;
			remoteGlobalIDString = FB9959452DC7A3DA003E90D0;
			remoteInfo = iLaps;
		};
/* End PBXContainerItemProxy section */

/* Begin PBXFileReference section */
		FB9959462DC7A3DA003E90D0 /* iLaps.app */ = {isa = PBXFileReference; explicitFileType = wrapper.application; includeInIndex = 0; path = iLaps.app; sourceTree = BUILT_PRODUCTS_DIR; };
		FB9959542DC7A3DB003E90D0 /* iLapsTests.xctest */ = {isa = PBXFileReference; explicitFileType = wrapper.cfbundle; includeInIndex = 0; path = iLapsTests.xctest; sourceTree = BUILT_PRODUCTS_DIR; };
		FB99595E2DC7A3DB003E90D0 /* iLapsUITests.xctest */ = {isa = PBXFileReference; explicitFileType = wrapper.cfbundle; includeInIndex = 0; path = iLapsUITests.xctest; sourceTree = BUILT_PRODUCTS_DIR; };
/* End PBXFileReference section */

/* Begin PBXFileSystemSynchronizedRootGroup section */
		FB9959482DC7A3DA003E90D0 /* iLaps */ = {
			isa = PBXFileSystemSynchronizedRootGroup;
			path = iLaps;
			sourceTree = "<group>";
		};
		FB9959572DC7A3DB003E90D0 /* iLapsTests */ = {
			isa = PBXFileSystemSynchronizedRootGroup;
			path = iLapsTests;
			sourceTree = "<group>";
		};
		FB9959612DC7A3DB003E90D0 /* iLapsUITests */ = {
			isa = PBXFileSystemSynchronizedRootGroup;
			path = iLapsUITests;
			sourceTree = "<group>";
		};
/* End PBXFileSystemSynchronizedRootGroup section */

/* Begin PBXFrameworksBuildPhase section */
		FB9959432DC7A3DA003E90D0 /* Frameworks */ = {
			isa = PBXFrameworksBuildPhase;
			buildActionMask = 2147483647;
			files = (
				FB9959BF2DC88169003E90D0 /* MSAL in Frameworks */,
			);
			runOnlyForDeploymentPostprocessing = 0;
		};
		FB9959512DC7A3DB003E90D0 /* Frameworks */ = {
			isa = PBXFrameworksBuildPhase;
			buildActionMask = 2147483647;
			files = (
			);
			runOnlyForDeploymentPostprocessing = 0;
		};
		FB99595B2DC7A3DB003E90D0 /* Frameworks */ = {
			isa = PBXFrameworksBuildPhase;
			buildActionMask = 2147483647;
			files = (
			);
			runOnlyForDeploymentPostprocessing = 0;
		};
/* End PBXFrameworksBuildPhase section */

/* Begin PBXGroup section */
		FB99593D2DC7A3DA003E90D0 = {
			isa = PBXGroup;
			children = (
				FB9959482DC7A3DA003E90D0 /* iLaps */,
				FB9959572DC7A3DB003E90D0 /* iLapsTests */,
				FB9959612DC7A3DB003E90D0 /* iLapsUITests */,
				FB9959472DC7A3DA003E90D0 /* Products */,
			);
			sourceTree = "<group>";
		};
		FB9959472DC7A3DA003E90D0 /* Products */ = {
			isa = PBXGroup;
			children = (
				FB9959462DC7A3DA003E90D0 /* iLaps.app */,
				FB9959542DC7A3DB003E90D0 /* iLapsTests.xctest */,
				FB99595E2DC7A3DB003E90D0 /* iLapsUITests.xctest */,
			);
			name = Products;
			sourceTree = "<group>";
		};
/* End PBXGroup section */

/* Begin PBXNativeTarget section */
		FB9959452DC7A3DA003E90D0 /* iLaps */ = {
			isa = PBXNativeTarget;
			buildConfigurationList = FB9959682DC7A3DB003E90D0 /* Build configuration list for PBXNativeTarget "iLaps" */;
			buildPhases = (
				FB9959422DC7A3DA003E90D0 /* Sources */,
				FB9959432DC7A3DA003E90D0 /* Frameworks */,
				FB9959442DC7A3DA003E90D0 /* Resources */,
			);
			buildRules = (
			);
			dependencies = (
			);
			fileSystemSynchronizedGroups = (
				FB9959482DC7A3DA003E90D0 /* iLaps */,
			);
			name = iLaps;
			packageProductDependencies = (
				FB9959BE2DC88169003E90D0 /* MSAL */,
			);
			productName = iLaps;
			productReference = FB9959462DC7A3DA003E90D0 /* iLaps.app */;
			productType = "com.apple.product-type.application";
		};
		FB9959532DC7A3DB003E90D0 /* iLapsTests */ = {
			isa = PBXNativeTarget;
			buildConfigurationList = FB99596B2DC7A3DB003E90D0 /* Build configuration list for PBXNativeTarget "iLapsTests" */;
			buildPhases = (
				FB9959502DC7A3DB003E90D0 /* Sources */,
				FB9959512DC7A3DB003E90D0 /* Frameworks */,
				FB9959522DC7A3DB003E90D0 /* Resources */,
			);
			buildRules = (
			);
			dependencies = (
				FB9959562DC7A3DB003E90D0 /* PBXTargetDependency */,
			);
			fileSystemSynchronizedGroups = (
				FB9959572DC7A3DB003E90D0 /* iLapsTests */,
			);
			name = iLapsTests;
			packageProductDependencies = (
			);
			productName = iLapsTests;
			productReference = FB9959542DC7A3DB003E90D0 /* iLapsTests.xctest */;
			productType = "com.apple.product-type.bundle.unit-test";
		};
		FB99595D2DC7A3DB003E90D0 /* iLapsUITests */ = {
			isa = PBXNativeTarget;
			buildConfigurationList = FB99596E2DC7A3DB003E90D0 /* Build configuration list for PBXNativeTarget "iLapsUITests" */;
			buildPhases = (
				FB99595A2DC7A3DB003E90D0 /* Sources */,
				FB99595B2DC7A3DB003E90D0 /* Frameworks */,
				FB99595C2DC7A3DB003E90D0 /* Resources */,
			);
			buildRules = (
			);
			dependencies = (
				FB9959602DC7A3DB003E90D0 /* PBXTargetDependency */,
			);
			fileSystemSynchronizedGroups = (
				FB9959612DC7A3DB003E90D0 /* iLapsUITests */,
			);
			name = iLapsUITests;
			packageProductDependencies = (
			);
			productName = iLapsUITests;
			productReference = FB99595E2DC7A3DB003E90D0 /* iLapsUITests.xctest */;
			productType = "com.apple.product-type.bundle.ui-testing";
		};
/* End PBXNativeTarget section */

/* Begin PBXProject section */
		FB99593E2DC7A3DA003E90D0 /* Project object */ = {
			isa = PBXProject;
			attributes = {
				BuildIndependentTargetsInParallel = 1;
				LastSwiftUpdateCheck = 1630;
				LastUpgradeCheck = 1630;
				TargetAttributes = {
					FB9959452DC7A3DA003E90D0 = {
						CreatedOnToolsVersion = 16.3;
					};
					FB9959532DC7A3DB003E90D0 = {
						CreatedOnToolsVersion = 16.3;
						TestTargetID = FB9959452DC7A3DA003E90D0;
					};
					FB99595D2DC7A3DB003E90D0 = {
						CreatedOnToolsVersion = 16.3;
						TestTargetID = FB9959452DC7A3DA003E90D0;
					};
				};
			};
			buildConfigurationList = FB9959412DC7A3DA003E90D0 /* Build configuration list for PBXProject "iLaps" */;
			developmentRegion = en;
			hasScannedForEncodings = 0;
			knownRegions = (
				en,
				Base,
			);
			mainGroup = FB99593D2DC7A3DA003E90D0;
			minimizedProjectReferenceProxies = 1;
			packageReferences = (
				FB9959BD2DC88169003E90D0 /* XCRemoteSwiftPackageReference "microsoft-authentication-library-for-objc" */,
			);
			preferredProjectObjectVersion = 77;
			productRefGroup = FB9959472DC7A3DA003E90D0 /* Products */;
			projectDirPath = "";
			projectRoot = "";
			targets = (
				FB9959452DC7A3DA003E90D0 /* iLaps */,
				FB9959532DC7A3DB003E90D0 /* iLapsTests */,
				FB99595D2DC7A3DB003E90D0 /* iLapsUITests */,
			);
		};
/* End PBXProject section */

/* Begin PBXResourcesBuildPhase section */
		FB9959442DC7A3DA003E90D0 /* Resources */ = {
			isa = PBXResourcesBuildPhase;
			buildActionMask = 2147483647;
			files = (
			);
			runOnlyForDeploymentPostprocessing = 0;
		};
		FB9959522DC7A3DB003E90D0 /* Resources */ = {
			isa = PBXResourcesBuildPhase;
			buildActionMask = 2147483647;
			files = (
			);
			runOnlyForDeploymentPostprocessing = 0;
		};
		FB99595C2DC7A3DB003E90D0 /* Resources */ = {
			isa = PBXResourcesBuildPhase;
			buildActionMask = 2147483647;
			files = (
			);
			runOnlyForDeploymentPostprocessing = 0;
		};
/* End PBXResourcesBuildPhase section */

/* Begin PBXSourcesBuildPhase section */
		FB9959422DC7A3DA003E90D0 /* Sources */ = {
			isa = PBXSourcesBuildPhase;
			buildActionMask = 2147483647;
			files = (
			);
			runOnlyForDeploymentPostprocessing = 0;
		};
		FB9959502DC7A3DB003E90D0 /* Sources */ = {
			isa = PBXSourcesBuildPhase;
			buildActionMask = 2147483647;
			files = (
			);
			runOnlyForDeploymentPostprocessing = 0;
		};
		FB99595A2DC7A3DB003E90D0 /* Sources */ = {
			isa = PBXSourcesBuildPhase;
			buildActionMask = 2147483647;
			files = (
			);
			runOnlyForDeploymentPostprocessing = 0;
		};
/* End PBXSourcesBuildPhase section */

/* Begin PBXTargetDependency section */
		FB9959562DC7A3DB003E90D0 /* PBXTargetDependency */ = {
			isa = PBXTargetDependency;
			target = FB9959452DC7A3DA003E90D0 /* iLaps */;
			targetProxy = FB9959552DC7A3DB003E90D0 /* PBXContainerItemProxy */;
		};
		FB9959602DC7A3DB003E90D0 /* PBXTargetDependency */ = {
			isa = PBXTargetDependency;
			target = FB9959452DC7A3DA003E90D0 /* iLaps */;
			targetProxy = FB99595F2DC7A3DB003E90D0 /* PBXContainerItemProxy */;
		};
/* End PBXTargetDependency section */

/* Begin XCBuildConfiguration section */
		FB9959662DC7A3DB003E90D0 /* Debug */ = {
			isa = XCBuildConfiguration;
			buildSettings = {
				ALWAYS_SEARCH_USER_PATHS = NO;
				ASSETCATALOG_COMPILER_GENERATE_SWIFT_ASSET_SYMBOL_EXTENSIONS = YES;
				CLANG_ANALYZER_NONNULL = YES;
				CLANG_ANALYZER_NUMBER_OBJECT_CONVERSION = YES_AGGRESSIVE;
				CLANG_CXX_LANGUAGE_STANDARD = "gnu++20";
				CLANG_ENABLE_MODULES = YES;
				CLANG_ENABLE_OBJC_ARC = YES;
				CLANG_ENABLE_OBJC_WEAK = YES;
				CLANG_WARN_BLOCK_CAPTURE_AUTORELEASING = YES;
				CLANG_WARN_BOOL_CONVERSION = YES;
				CLANG_WARN_COMMA = YES;
				CLANG_WARN_CONSTANT_CONVERSION = YES;
				CLANG_WARN_DEPRECATED_OBJC_IMPLEMENTATIONS = YES;
				CLANG_WARN_DIRECT_OBJC_ISA_USAGE = YES_ERROR;
				CLANG_WARN_DOCUMENTATION_COMMENTS = YES;
				CLANG_WARN_EMPTY_BODY = YES;
				CLANG_WARN_ENUM_CONVERSION = YES;
				CLANG_WARN_INFINITE_RECURSION = YES;
				CLANG_WARN_INT_CONVERSION = YES;
				CLANG_WARN_NON_LITERAL_NULL_CONVERSION = YES;
				CLANG_WARN_OBJC_IMPLICIT_RETAIN_SELF = YES;
				CLANG_WARN_OBJC_LITERAL_CONVERSION = YES;
				CLANG_WARN_OBJC_ROOT_CLASS = YES_ERROR;
				CLANG_WARN_QUOTED_INCLUDE_IN_FRAMEWORK_HEADER = YES;
				CLANG_WARN_RANGE_LOOP_ANALYSIS = YES;
				CLANG_WARN_STRICT_PROTOTYPES = YES;
				CLANG_WARN_SUSPICIOUS_MOVE = YES;
				CLANG_WARN_UNGUARDED_AVAILABILITY = YES_AGGRESSIVE;
				CLANG_WARN_UNREACHABLE_CODE = YES;
				CLANG_WARN__DUPLICATE_METHOD_MATCH = YES;
				COPY_PHASE_STRIP = NO;
				DEBUG_INFORMATION_FORMAT = dwarf;
				DEVELOPMENT_TEAM = LJ3W53UDG4;
				ENABLE_STRICT_OBJC_MSGSEND = YES;
				ENABLE_TESTABILITY = YES;
				ENABLE_USER_SCRIPT_SANDBOXING = YES;
				GCC_C_LANGUAGE_STANDARD = gnu17;
				GCC_DYNAMIC_NO_PIC = NO;
				GCC_NO_COMMON_BLOCKS = YES;
				GCC_OPTIMIZATION_LEVEL = 0;
				GCC_PREPROCESSOR_DEFINITIONS = (
					"DEBUG=1",
					"$(inherited)",
				);
				GCC_WARN_64_TO_32_BIT_CONVERSION = YES;
				GCC_WARN_ABOUT_RETURN_TYPE = YES_ERROR;
				GCC_WARN_UNDECLARED_SELECTOR = YES;
				GCC_WARN_UNINITIALIZED_AUTOS = YES_AGGRESSIVE;
				GCC_WARN_UNUSED_FUNCTION = YES;
				GCC_WARN_UNUSED_VARIABLE = YES;
				LOCALIZATION_PREFERS_STRING_CATALOGS = YES;
				MACOSX_DEPLOYMENT_TARGET = 15.4;
				MTL_ENABLE_DEBUG_INFO = INCLUDE_SOURCE;
				MTL_FAST_MATH = YES;
				ONLY_ACTIVE_ARCH = YES;
				SDKROOT = macosx;
				SWIFT_ACTIVE_COMPILATION_CONDITIONS = "DEBUG $(inherited)";
				SWIFT_OPTIMIZATION_LEVEL = "-Onone";
			};
			name = Debug;
		};
		FB9959672DC7A3DB003E90D0 /* Release */ = {
			isa = XCBuildConfiguration;
			buildSettings = {
				ALWAYS_SEARCH_USER_PATHS = NO;
				ASSETCATALOG_COMPILER_GENERATE_SWIFT_ASSET_SYMBOL_EXTENSIONS = YES;
				CLANG_ANALYZER_NONNULL = YES;
				CLANG_ANALYZER_NUMBER_OBJECT_CONVERSION = YES_AGGRESSIVE;
				CLANG_CXX_LANGUAGE_STANDARD = "gnu++20";
				CLANG_ENABLE_MODULES = YES;
				CLANG_ENABLE_OBJC_ARC = YES;
				CLANG_ENABLE_OBJC_WEAK = YES;
				CLANG_WARN_BLOCK_CAPTURE_AUTORELEASING = YES;
				CLANG_WARN_BOOL_CONVERSION = YES;
				CLANG_WARN_COMMA = YES;
				CLANG_WARN_CONSTANT_CONVERSION = YES;
				CLANG_WARN_DEPRECATED_OBJC_IMPLEMENTATIONS = YES;
				CLANG_WARN_DIRECT_OBJC_ISA_USAGE = YES_ERROR;
				CLANG_WARN_DOCUMENTATION_COMMENTS = YES;
				CLANG_WARN_EMPTY_BODY = YES;
				CLANG_WARN_ENUM_CONVERSION = YES;
				CLANG_WARN_INFINITE_RECURSION = YES;
				CLANG_WARN_INT_CONVERSION = YES;
				CLANG_WARN_NON_LITERAL_NULL_CONVERSION = YES;
				CLANG_WARN_OBJC_IMPLICIT_RETAIN_SELF = YES;
				CLANG_WARN_OBJC_LITERAL_CONVERSION = YES;
				CLANG_WARN_OBJC_ROOT_CLASS = YES_ERROR;
				CLANG_WARN_QUOTED_INCLUDE_IN_FRAMEWORK_HEADER = YES;
				CLANG_WARN_RANGE_LOOP_ANALYSIS = YES;
				CLANG_WARN_STRICT_PROTOTYPES = YES;
				CLANG_WARN_SUSPICIOUS_MOVE = YES;
				CLANG_WARN_UNGUARDED_AVAILABILITY = YES_AGGRESSIVE;
				CLANG_WARN_UNREACHABLE_CODE = YES;
				CLANG_WARN__DUPLICATE_METHOD_MATCH = YES;
				COPY_PHASE_STRIP = NO;
				DEBUG_INFORMATION_FORMAT = "dwarf-with-dsym";
				DEVELOPMENT_TEAM = LJ3W53UDG4;
				ENABLE_NS_ASSERTIONS = NO;
				ENABLE_STRICT_OBJC_MSGSEND = YES;
				ENABLE_USER_SCRIPT_SANDBOXING = YES;
				GCC_C_LANGUAGE_STANDARD = gnu17;
				GCC_NO_COMMON_BLOCKS = YES;
				GCC_WARN_64_TO_32_BIT_CONVERSION = YES;
				GCC_WARN_ABOUT_RETURN_TYPE = YES_ERROR;
				GCC_WARN_UNDECLARED_SELECTOR = YES;
				GCC_WARN_UNINITIALIZED_AUTOS = YES_AGGRESSIVE;
				GCC_WARN_UNUSED_FUNCTION = YES;
				GCC_WARN_UNUSED_VARIABLE = YES;
				LOCALIZATION_PREFERS_STRING_CATALOGS = YES;
				MACOSX_DEPLOYMENT_TARGET = 15.4;
				MTL_ENABLE_DEBUG_INFO = NO;
				MTL_FAST_MATH = YES;
				SDKROOT = macosx;
				SWIFT_COMPILATION_MODE = wholemodule;
			};
			name = Release;
		};
		FB9959692DC7A3DB003E90D0 /* Debug */ = {
			isa = XCBuildConfiguration;
			buildSettings = {
				ASSETCATALOG_COMPILER_APPICON_NAME = AppIcon;
				ASSETCATALOG_COMPILER_GLOBAL_ACCENT_COLOR_NAME = AccentColor;
				ASSETCATALOG_COMPILER_INCLUDE_ALL_APPICON_ASSETS = YES;
				CODE_SIGN_ENTITLEMENTS = iLaps/iLaps.entitlements;
				CODE_SIGN_IDENTITY = "Apple Development";
				"CODE_SIGN_IDENTITY[sdk=macosx*]" = "Developer ID Application";
				CODE_SIGN_STYLE = Manual;
				COMBINE_HIDPI_IMAGES = YES;
				CURRENT_PROJECT_VERSION = 1;
				DEVELOPMENT_TEAM = "";
				"DEVELOPMENT_TEAM[sdk=macosx*]" = LJ3W53UDG4;
				ENABLE_HARDENED_RUNTIME = YES;
				ENABLE_PREVIEWS = YES;
				GENERATE_INFOPLIST_FILE = YES;
				INFOPLIST_KEY_CFBundleDisplayName = "iLAPS - LAPS for macOS";
				INFOPLIST_KEY_LSApplicationCategoryType = "public.app-category.utilities";
				INFOPLIST_KEY_NSHumanReadableCopyright = "";
				LD_RUNPATH_SEARCH_PATHS = (
					"$(inherited)",
					"@executable_path/../Frameworks",
				);
				MACOSX_DEPLOYMENT_TARGET = 15.0;
				MARKETING_VERSION = 1.0;
				PRODUCT_BUNDLE_IDENTIFIER = com.mavericklabs.iLaps;
				PRODUCT_NAME = "$(TARGET_NAME)";
				PROVISIONING_PROFILE_SPECIFIER = "";
				"PROVISIONING_PROFILE_SPECIFIER[sdk=macosx*]" = iLaps;
				REGISTER_APP_GROUPS = YES;
				SWIFT_EMIT_LOC_STRINGS = YES;
				SWIFT_VERSION = 5.0;
			};
			name = Debug;
		};
		FB99596A2DC7A3DB003E90D0 /* Release */ = {
			isa = XCBuildConfiguration;
			buildSettings = {
				ASSETCATALOG_COMPILER_APPICON_NAME = AppIcon;
				ASSETCATALOG_COMPILER_GLOBAL_ACCENT_COLOR_NAME = AccentColor;
				ASSETCATALOG_COMPILER_INCLUDE_ALL_APPICON_ASSETS = YES;
				CODE_SIGN_ENTITLEMENTS = iLaps/iLaps.entitlements;
				CODE_SIGN_IDENTITY = "Apple Development";
				"CODE_SIGN_IDENTITY[sdk=macosx*]" = "Developer ID Application";
				CODE_SIGN_STYLE = Manual;
				COMBINE_HIDPI_IMAGES = YES;
				CURRENT_PROJECT_VERSION = 1;
				DEVELOPMENT_TEAM = "";
				"DEVELOPMENT_TEAM[sdk=macosx*]" = LJ3W53UDG4;
				ENABLE_HARDENED_RUNTIME = YES;
				ENABLE_PREVIEWS = YES;
				GENERATE_INFOPLIST_FILE = YES;
				INFOPLIST_KEY_CFBundleDisplayName = "iLAPS - LAPS for macOS";
				INFOPLIST_KEY_LSApplicationCategoryType = "public.app-category.utilities";
				INFOPLIST_KEY_NSHumanReadableCopyright = "";
				LD_RUNPATH_SEARCH_PATHS = (
					"$(inherited)",
					"@executable_path/../Frameworks",
				);
				MACOSX_DEPLOYMENT_TARGET = 15.0;
				MARKETING_VERSION = 1.0;
				PRODUCT_BUNDLE_IDENTIFIER = com.mavericklabs.iLaps;
				PRODUCT_NAME = "$(TARGET_NAME)";
				PROVISIONING_PROFILE_SPECIFIER = "";
				"PROVISIONING_PROFILE_SPECIFIER[sdk=macosx*]" = iLaps;
				REGISTER_APP_GROUPS = YES;
				SWIFT_EMIT_LOC_STRINGS = YES;
				SWIFT_VERSION = 5.0;
			};
			name = Release;
		};
		FB99596C2DC7A3DB003E90D0 /* Debug */ = {
			isa = XCBuildConfiguration;
			buildSettings = {
				BUNDLE_LOADER = "$(TEST_HOST)";
				CODE_SIGN_STYLE = Automatic;
				CURRENT_PROJECT_VERSION = 1;
				DEVELOPMENT_TEAM = LJ3W53UDG4;
				GENERATE_INFOPLIST_FILE = YES;
				MACOSX_DEPLOYMENT_TARGET = 15.4;
				MARKETING_VERSION = 1.0;
				PRODUCT_BUNDLE_IDENTIFIER = com.mavericklabs.iLapsTests;
				PRODUCT_NAME = "$(TARGET_NAME)";
				SWIFT_EMIT_LOC_STRINGS = NO;
				SWIFT_VERSION = 5.0;
				TEST_HOST = "$(BUILT_PRODUCTS_DIR)/iLaps.app/$(BUNDLE_EXECUTABLE_FOLDER_PATH)/iLaps";
			};
			name = Debug;
		};
		FB99596D2DC7A3DB003E90D0 /* Release */ = {
			isa = XCBuildConfiguration;
			buildSettings = {
				BUNDLE_LOADER = "$(TEST_HOST)";
				CODE_SIGN_STYLE = Automatic;
				CURRENT_PROJECT_VERSION = 1;
				DEVELOPMENT_TEAM = LJ3W53UDG4;
				GENERATE_INFOPLIST_FILE = YES;
				MACOSX_DEPLOYMENT_TARGET = 15.4;
				MARKETING_VERSION = 1.0;
				PRODUCT_BUNDLE_IDENTIFIER = com.mavericklabs.iLapsTests;
				PRODUCT_NAME = "$(TARGET_NAME)";
				SWIFT_EMIT_LOC_STRINGS = NO;
				SWIFT_VERSION = 5.0;
				TEST_HOST = "$(BUILT_PRODUCTS_DIR)/iLaps.app/$(BUNDLE_EXECUTABLE_FOLDER_PATH)/iLaps";
			};
			name = Release;
		};
		FB99596F2DC7A3DB003E90D0 /* Debug */ = {
			isa = XCBuildConfiguration;
			buildSettings = {
				CODE_SIGN_STYLE = Automatic;
				CURRENT_PROJECT_VERSION = 1;
				DEVELOPMENT_TEAM = LJ3W53UDG4;
				GENERATE_INFOPLIST_FILE = YES;
				MARKETING_VERSION = 1.0;
				PRODUCT_BUNDLE_IDENTIFIER = com.mavericklabs.iLapsUITests;
				PRODUCT_NAME = "$(TARGET_NAME)";
				SWIFT_EMIT_LOC_STRINGS = NO;
				SWIFT_VERSION = 5.0;
				TEST_TARGET_NAME = iLaps;
			};
			name = Debug;
		};
		FB9959702DC7A3DB003E90D0 /* Release */ = {
			isa = XCBuildConfiguration;
			buildSettings = {
				CODE_SIGN_STYLE = Automatic;
				CURRENT_PROJECT_VERSION = 1;
				DEVELOPMENT_TEAM = LJ3W53UDG4;
				GENERATE_INFOPLIST_FILE = YES;
				MARKETING_VERSION = 1.0;
				PRODUCT_BUNDLE_IDENTIFIER = com.mavericklabs.iLapsUITests;
				PRODUCT_NAME = "$(TARGET_NAME)";
				SWIFT_EMIT_LOC_STRINGS = NO;
				SWIFT_VERSION = 5.0;
				TEST_TARGET_NAME = iLaps;
			};
			name = Release;
		};
/* End XCBuildConfiguration section */

/* Begin XCConfigurationList section */
		FB9959412DC7A3DA003E90D0 /* Build configuration list for PBXProject "iLaps" */ = {
			isa = XCConfigurationList;
			buildConfigurations = (
				FB9959662DC7A3DB003E90D0 /* Debug */,
				FB9959672DC7A3DB003E90D0 /* Release */,
			);
			defaultConfigurationIsVisible = 0;
			defaultConfigurationName = Release;
		};
		FB9959682DC7A3DB003E90D0 /* Build configuration list for PBXNativeTarget "iLaps" */ = {
			isa = XCConfigurationList;
			buildConfigurations = (
				FB9959692DC7A3DB003E90D0 /* Debug */,
				FB99596A2DC7A3DB003E90D0 /* Release */,
			);
			defaultConfigurationIsVisible = 0;
			defaultConfigurationName = Release;
		};
		FB99596B2DC7A3DB003E90D0 /* Build configuration list for PBXNativeTarget "iLapsTests" */ = {
			isa = XCConfigurationList;
			buildConfigurations = (
				FB99596C2DC7A3DB003E90D0 /* Debug */,
				FB99596D2DC7A3DB003E90D0 /* Release */,
			);
			defaultConfigurationIsVisible = 0;
			defaultConfigurationName = Release;
		};
		FB99596E2DC7A3DB003E90D0 /* Build configuration list for PBXNativeTarget "iLapsUITests" */ = {
			isa = XCConfigurationList;
			buildConfigurations = (
				FB99596F2DC7A3DB003E90D0 /* Debug */,
				FB9959702DC7A3DB003E90D0 /* Release */,
			);
			defaultConfigurationIsVisible = 0;
			defaultConfigurationName = Release;
		};
/* End XCConfigurationList section */

/* Begin XCRemoteSwiftPackageReference section */
		FB9959BD2DC88169003E90D0 /* XCRemoteSwiftPackageReference "microsoft-authentication-library-for-objc" */ = {
			isa = XCRemoteSwiftPackageReference;
			repositoryURL = "https://github.com/AzureAD/microsoft-authentication-library-for-objc";
			requirement = {
				kind = upToNextMajorVersion;
				minimumVersion = 2.0.0;
			};
		};
/* End XCRemoteSwiftPackageReference section */

/* Begin XCSwiftPackageProductDependency section */
		FB9959BE2DC88169003E90D0 /* MSAL */ = {
			isa = XCSwiftPackageProductDependency;
			package = FB9959BD2DC88169003E90D0 /* XCRemoteSwiftPackageReference "microsoft-authentication-library-for-objc" */;
			productName = MSAL;
		};
/* End XCSwiftPackageProductDependency section */
	};
	rootObject = FB99593E2DC7A3DA003E90D0 /* Project object */;
}
